
Microsoft Visual Studio Solution File, Format Version 12.00
# Visual Studio Version 17
VisualStudioVersion = 17.5.33530.505
MinimumVisualStudioVersion = 10.0.40219.1
Project("{FAE04EC0-301F-11D3-BF4B-00C04F79EFBC}") = "P01Stealer", "P01Stealer\P01Stealer.csproj", "{AF27C730-707F-4C07-BB1F-239F4AEE6C19}"
EndProject
Project("{FAE04EC0-301F-11D3-BF4B-00C04F79EFBC}") = "P02HighQualityMistakes", "P02HighQualityMistakes\P02HighQualityMistakes.csproj", "{11C120E1-4ACA-4FDC-B738-D98A5658F382}"
EndProject
Project("{FAE04EC0-301F-11D3-BF4B-00C04F79EFBC}") = "P03MissionPrivateImpossible", "P03MissionPrivateImpossible\P03MissionPrivateImpossible.csproj", "{505EAC3B-5CDA-4C31-8A2E-C49C65BA334C}"
EndProject
Project("{FAE04EC0-301F-11D3-BF4B-00C04F79EFBC}") = "P04Collector", "P04Collector\P04Collector.csproj", "{26915AF6-E888-49F1-BE88-2C47BEB34FC2}"
EndProject
Project("{FAE04EC0-301F-11D3-BF4B-00C04F79EFBC}") = "AuthorProblem", "AuthorProblem\AuthorProblem.csproj", "{75440A2F-9699-44A8-9E59-877E4797A72D}"
EndProject
Global
	GlobalSection(SolutionConfigurationPlatforms) = preSolution
		Debug|Any CPU = Debug|Any CPU
		Release|Any CPU = Release|Any CPU
	EndGlobalSection
	GlobalSection(ProjectConfigurationPlatforms) = postSolution
		{AF27C730-707F-4C07-BB1F-239F4AEE6C19}.Debug|Any CPU.ActiveCfg = Debug|Any CPU
		{AF27C730-707F-4C07-BB1F-239F4AEE6C19}.Debug|Any CPU.Build.0 = Debug|Any CPU
		{AF27C730-707F-4C07-BB1F-239F4AEE6C19}.Release|Any CPU.ActiveCfg = Release|Any CPU
		{AF27C730-707F-4C07-BB1F-239F4AEE6C19}.Release|Any CPU.Build.0 = Release|Any CPU
		{11C120E1-4ACA-4FDC-B738-D98A5658F382}.Debug|Any CPU.ActiveCfg = Debug|Any CPU
		{11C120E1-4ACA-4FDC-B738-D98A5658F382}.Debug|Any CPU.Build.0 = Debug|Any CPU
		{11C120E1-4ACA-4FDC-B738-D98A5658F382}.Release|Any CPU.ActiveCfg = Release|Any CPU
		{11C120E1-4ACA-4FDC-B738-D98A5658F382}.Release|Any CPU.Build.0 = Release|Any CPU
		{505EAC3B-5CDA-4C31-8A2E-C49C65BA334C}.Debug|Any CPU.ActiveCfg = Debug|Any CPU
		{505EAC3B-5CDA-4C31-8A2E-C49C65BA334C}.Debug|Any CPU.Build.0 = Debug|Any CPU
		{505EAC3B-5CDA-4C31-8A2E-C49C65BA334C}.Release|Any CPU.ActiveCfg = Release|Any CPU
		{505EAC3B-5CDA-4C31-8A2E-C49C65BA334C}.Release|Any CPU.Build.0 = Release|Any CPU
		{26915AF6-E888-49F1-BE88-2C47BEB34FC2}.Debug|Any CPU.ActiveCfg = Debug|Any CPU
		{26915AF6-E888-49F1-BE88-2C47BEB34FC2}.Debug|Any CPU.Build.0 = Debug|Any CPU
		{26915AF6-E888-49F1-BE88-2C47BEB34FC2}.Release|Any CPU.ActiveCfg = Release|Any CPU
		{26915AF6-E888-49F1-BE88-2C47BEB34FC2}.Release|Any CPU.Build.0 = Release|Any CPU
		{75440A2F-9699-44A8-9E59-877E4797A72D}.Debug|Any CPU.ActiveCfg = Debug|Any CPU
		{75440A2F-9699-44A8-9E59-877E4797A72D}.Debug|Any CPU.Build.0 = Debug|Any CPU
		{75440A2F-9699-44A8-9E59-877E4797A72D}.Release|Any CPU.ActiveCfg = Release|Any CPU
		{75440A2F-9699-44A8-9E59-877E4797A72D}.Release|Any CPU.Build.0 = Release|Any CPU
	EndGlobalSection
	GlobalSection(SolutionProperties) = preSolution
		HideSolutionNode = FALSE
	EndGlobalSection
	GlobalSection(ExtensibilityGlobals) = postSolution
		SolutionGuid = {B8DAEB31-0F41-43D8-AB10-9649D7D8A9D7}
	EndGlobalSection
EndGlobal
